
Microsoft Visual Studio Solution File, Format Version 12.00
# Visual Studio Version 16
VisualStudioVersion = 16.0.30804.86
MinimumVisualStudioVersion = 10.0.40219.1
Project("{8BC9CEB8-8B4A-11D0-8D11-00A0C91BC942}") = "Create a Windows desktop system", "Create a Windows desktop system\Create a Windows desktop system.vcxproj", "{3552AEBF-C52E-4924-8C87-1CB06951172F}"
EndProject
Global
	GlobalSection(SolutionConfigurationPlatforms) = preSolution
		Debug|x64 = Debug|x64
		Debug|x86 = Debug|x86
		Release|x64 = Release|x64
		Release|x86 = Release|x86
	EndGlobalSection
	GlobalSection(ProjectConfigurationPlatforms) = postSolution
		{3552AEBF-C52E-4924-8C87-1CB06951172F}.Debug|x64.ActiveCfg = Debug|x64
		{3552AEBF-C52E-4924-8C87-1CB06951172F}.Debug|x64.Build.0 = Debug|x64
		{3552AEBF-C52E-4924-8C87-1CB06951172F}.Debug|x86.ActiveCfg = Debug|Win32
		{3552AEBF-C52E-4924-8C87-1CB06951172F}.Debug|x86.Build.0 = Debug|Win32
		{3552AEBF-C52E-4924-8C87-1CB06951172F}.Release|x64.ActiveCfg = Release|x64
		{3552AEBF-C52E-4924-8C87-1CB06951172F}.Release|x64.Build.0 = Release|x64
		{3552AEBF-C52E-4924-8C87-1CB06951172F}.Release|x86.ActiveCfg = Release|Win32
		{3552AEBF-C52E-4924-8C87-1CB06951172F}.Release|x86.Build.0 = Release|Win32
	EndGlobalSection
	GlobalSection(SolutionProperties) = preSolution
		HideSolutionNode = FALSE
	EndGlobalSection
	GlobalSection(ExtensibilityGlobals) = postSolution
		SolutionGuid = {63757016-18F7-4042-B9DA-01AAB30C594E}
	EndGlobalSection
EndGlobal
